// !$*UTF8*$!
{
	archiveVersion = 1;
	classes = {
	};
	objectVersion = 46;
	objects = {

/* Begin PBXBuildFile section */
		D2E51E2B1B98513C000DC616 /* main.m in Sources */ = {isa = PBXBuildFile; fileRef = D2E51E2A1B98513C000DC616 /* main.m */; };
		D2E51E2E1B98513C000DC616 /* AppDelegate.m in Sources */ = {isa = PBXBuildFile; fileRef = D2E51E2D1B98513C000DC616 /* AppDelegate.m */; };
		D2E51E311B98513C000DC616 /* ViewController.m in Sources */ = {isa = PBXBuildFile; fileRef = D2E51E301B98513C000DC616 /* ViewController.m */; };
		D2E51E341B98513C000DC616 /* Main.storyboard in Resources */ = {isa = PBXBuildFile; fileRef = D2E51E321B98513C000DC616 /* Main.storyboard */; };
		D2E51E361B98513C000DC616 /* Images.xcassets in Resources */ = {isa = PBXBuildFile; fileRef = D2E51E351B98513C000DC616 /* Images.xcassets */; };
		D2E51E391B98513C000DC616 /* LaunchScreen.xib in Resources */ = {isa = PBXBuildFile; fileRef = D2E51E371B98513C000DC616 /* LaunchScreen.xib */; };
		D2E51E451B98513C000DC616 /* testrTests.m in Sources */ = {isa = PBXBuildFile; fileRef = D2E51E441B98513C000DC616 /* testrTests.m */; };
/* End PBXBuildFile section */

/* Begin PBXContainerItemProxy section */
		D2E51E3F1B98513C000DC616 /* PBXContainerItemProxy */ = {
			isa = PBXContainerItemProxy;
			containerPortal = D2E51E1D1B98513C000DC616 /* Project object */;
			proxyType = 1;
			remoteGlobalIDString = D2E51E241B98513C000DC616;
			remoteInfo = testr;
		};
/* End PBXContainerItemProxy section */

/* Begin PBXFileReference section */
		D2E51E251B98513C000DC616 /* testr.app */ = {isa = PBXFileReference; explicitFileType = wrapper.application; includeInIndex = 0; path = testr.app; sourceTree = BUILT_PRODUCTS_DIR; };
		D2E51E291B98513C000DC616 /* Info.plist */ = {isa = PBXFileReference; lastKnownFileType = text.plist.xml; path = Info.plist; sourceTree = "<group>"; };
		D2E51E2A1B98513C000DC616 /* main.m */ = {isa = PBXFileReference; lastKnownFileType = sourcecode.c.objc; path = main.m; sourceTree = "<group>"; };
		D2E51E2C1B98513C000DC616 /* AppDelegate.h */ = {isa = PBXFileReference; lastKnownFileType = sourcecode.c.h; path = AppDelegate.h; sourceTree = "<group>"; };
		D2E51E2D1B98513C000DC616 /* AppDelegate.m */ = {isa = PBXFileReference; lastKnownFileType = sourcecode.c.objc; path = AppDelegate.m; sourceTree = "<group>"; };
		D2E51E2F1B98513C000DC616 /* ViewController.h */ = {isa = PBXFileReference; lastKnownFileType = sourcecode.c.h; path = ViewController.h; sourceTree = "<group>"; };
		D2E51E301B98513C000DC616 /* ViewController.m */ = {isa = PBXFileReference; lastKnownFileType = sourcecode.c.objc; path = ViewController.m; sourceTree = "<group>"; };
		D2E51E331B98513C000DC616 /* Base */ = {isa = PBXFileReference; lastKnownFileType = file.storyboard; name = Base; path = Base.lproj/Main.storyboard; sourceTree = "<group>"; };
		D2E51E351B98513C000DC616 /* Images.xcassets */ = {isa = PBXFileReference; lastKnownFileType = folder.assetcatalog; path = Images.xcassets; sourceTree = "<group>"; };
		D2E51E381B98513C000DC616 /* Base */ = {isa = PBXFileReference; lastKnownFileType = file.xib; name = Base; path = Base.lproj/LaunchScreen.xib; sourceTree = "<group>"; };
		D2E51E3E1B98513C000DC616 /* testrTests.xctest */ = {isa = PBXFileReference; explicitFileType = wrapper.cfbundle; includeInIndex = 0; path = testrTests.xctest; sourceTree = BUILT_PRODUCTS_DIR; };
		D2E51E431B98513C000DC616 /* Info.plist */ = {isa = PBXFileReference; lastKnownFileType = text.plist.xml; path = Info.plist; sourceTree = "<group>"; };
		D2E51E441B98513C000DC616 /* testrTests.m */ = {isa = PBXFileReference; lastKnownFileType = sourcecode.c.objc; path = testrTests.m; sourceTree = "<group>"; };
/* End PBXFileReference section */

/* Begin PBXFrameworksBuildPhase section */
		D2E51E221B98513C000DC616 /* Frameworks */ = {
			isa = PBXFrameworksBuildPhase;
			buildActionMask = 2147483647;
			files = (
			);
			runOnlyForDeploymentPostprocessing = 0;
		};
		D2E51E3B1B98513C000DC616 /* Frameworks */ = {
			isa = PBXFrameworksBuildPhase;
			buildActionMask = 2147483647;
			files = (
			);
			runOnlyForDeploymentPostprocessing = 0;
		};
/* End PBXFrameworksBuildPhase section */

/* Begin PBXGroup section */
		D2E51E1C1B98513C000DC616 = {
			isa = PBXGroup;
			children = (
				D2E51E271B98513C000DC616 /* testr */,
				D2E51E411B98513C000DC616 /* testrTests */,
				D2E51E261B98513C000DC616 /* Products */,
			);
			sourceTree = "<group>";
		};
		D2E51E261B98513C000DC616 /* Products */ = {
			isa = PBXGroup;
			children = (
				D2E51E251B98513C000DC616 /* testr.app */,
				D2E51E3E1B98513C000DC616 /* testrTests.xctest */,
			);
			name = Products;
			sourceTree = "<group>";
		};
		D2E51E271B98513C000DC616 /* testr */ = {
			isa = PBXGroup;
			children = (
				D2E51E2C1B98513C000DC616 /* AppDelegate.h */,
				D2E51E2D1B98513C000DC616 /* AppDelegate.m */,
				D2E51E2F1B98513C000DC616 /* ViewController.h */,
				D2E51E301B98513C000DC616 /* ViewController.m */,
				D2E51E321B98513C000DC616 /* Main.storyboard */,
				D2E51E351B98513C000DC616 /* Images.xcassets */,
				D2E51E371B98513C000DC616 /* LaunchScreen.xib */,
				D2E51E281B98513C000DC616 /* Supporting Files */,
			);
			path = testr;
			sourceTree = "<group>";
		};
		D2E51E281B98513C000DC616 /* Supporting Files */ = {
			isa = PBXGroup;
			children = (
				D2E51E291B98513C000DC616 /* Info.plist */,
				D2E51E2A1B98513C000DC616 /* main.m */,
			);
			name = "Supporting Files";
			sourceTree = "<group>";
		};
		D2E51E411B98513C000DC616 /* testrTests */ = {
			isa = PBXGroup;
			children = (
				D2E51E441B98513C000DC616 /* testrTests.m */,
				D2E51E421B98513C000DC616 /* Supporting Files */,
			);
			path = testrTests;
			sourceTree = "<group>";
		};
		D2E51E421B98513C000DC616 /* Supporting Files */ = {
			isa = PBXGroup;
			children = (
				D2E51E431B98513C000DC616 /* Info.plist */,
			);
			name = "Supporting Files";
			sourceTree = "<group>";
		};
/* End PBXGroup section */

/* Begin PBXNativeTarget section */
		D2E51E241B98513C000DC616 /* testr */ = {
			isa = PBXNativeTarget;
			buildConfigurationList = D2E51E481B98513C000DC616 /* Build configuration list for PBXNativeTarget "testr" */;
			buildPhases = (
				D2E51E211B98513C000DC616 /* Sources */,
				D2E51E221B98513C000DC616 /* Frameworks */,
				D2E51E231B98513C000DC616 /* Resources */,
			);
			buildRules = (
			);
			dependencies = (
			);
			name = testr;
			productName = testr;
			productReference = D2E51E251B98513C000DC616 /* testr.app */;
			productType = "com.apple.product-type.application";
		};
		D2E51E3D1B98513C000DC616 /* testrTests */ = {
			isa = PBXNativeTarget;
			buildConfigurationList = D2E51E4B1B98513C000DC616 /* Build configuration list for PBXNativeTarget "testrTests" */;
			buildPhases = (
				D2E51E3A1B98513C000DC616 /* Sources */,
				D2E51E3B1B98513C000DC616 /* Frameworks */,
				D2E51E3C1B98513C000DC616 /* Resources */,
			);
			buildRules = (
			);
			dependencies = (
				D2E51E401B98513C000DC616 /* PBXTargetDependency */,
			);
			name = testrTests;
			productName = testrTests;
			productReference = D2E51E3E1B98513C000DC616 /* testrTests.xctest */;
			productType = "com.apple.product-type.bundle.unit-test";
		};
/* End PBXNativeTarget section */

/* Begin PBXProject section */
		D2E51E1D1B98513C000DC616 /* Project object */ = {
			isa = PBXProject;
			attributes = {
				LastUpgradeCheck = 0640;
				ORGANIZATIONNAME = "田所　龍";
				TargetAttributes = {
					D2E51E241B98513C000DC616 = {
						CreatedOnToolsVersion = 6.4;
					};
					D2E51E3D1B98513C000DC616 = {
						CreatedOnToolsVersion = 6.4;
						TestTargetID = D2E51E241B98513C000DC616;
					};
				};
			};
			buildConfigurationList = D2E51E201B98513C000DC616 /* Build configuration list for PBXProject "testr" */;
			compatibilityVersion = "Xcode 3.2";
			developmentRegion = English;
			hasScannedForEncodings = 0;
			knownRegions = (
				en,
				Base,
			);
			mainGroup = D2E51E1C1B98513C000DC616;
			productRefGroup = D2E51E261B98513C000DC616 /* Products */;
			projectDirPath = "";
			projectRoot = "";
			targets = (
				D2E51E241B98513C000DC616 /* testr */,
				D2E51E3D1B98513C000DC616 /* testrTests */,
			);
		};
/* End PBXProject section */

/* Begin PBXResourcesBuildPhase section */
		D2E51E231B98513C000DC616 /* Resources */ = {
			isa = PBXResourcesBuildPhase;
			buildActionMask = 2147483647;
			files = (
				D2E51E341B98513C000DC616 /* Main.storyboard in Resources */,
				D2E51E391B98513C000DC616 /* LaunchScreen.xib in Resources */,
				D2E51E361B98513C000DC616 /* Images.xcassets in Resources */,
			);
			runOnlyForDeploymentPostprocessing = 0;
		};
		D2E51E3C1B98513C000DC616 /* Resources */ = {
			isa = PBXResourcesBuildPhase;
			buildActionMask = 2147483647;
			files = (
			);
			runOnlyForDeploymentPostprocessing = 0;
		};
/* End PBXResourcesBuildPhase section */

/* Begin PBXSourcesBuildPhase section */
		D2E51E211B98513C000DC616 /* Sources */ = {
			isa = PBXSourcesBuildPhase;
			buildActionMask = 2147483647;
			files = (
				D2E51E311B98513C000DC616 /* ViewController.m in Sources */,
				D2E51E2E1B98513C000DC616 /* AppDelegate.m in Sources */,
				D2E51E2B1B98513C000DC616 /* main.m in Sources */,
			);
			runOnlyForDeploymentPostprocessing = 0;
		};
		D2E51E3A1B98513C000DC616 /* Sources */ = {
			isa = PBXSourcesBuildPhase;
			buildActionMask = 2147483647;
			files = (
				D2E51E451B98513C000DC616 /* testrTests.m in Sources */,
			);
			runOnlyForDeploymentPostprocessing = 0;
		};
/* End PBXSourcesBuildPhase section */

/* Begin PBXTargetDependency section */
		D2E51E401B98513C000DC616 /* PBXTargetDependency */ = {
			isa = PBXTargetDependency;
			target = D2E51E241B98513C000DC616 /* testr */;
			targetProxy = D2E51E3F1B98513C000DC616 /* PBXContainerItemProxy */;
		};
/* End PBXTargetDependency section */

/* Begin PBXVariantGroup section */
		D2E51E321B98513C000DC616 /* Main.storyboard */ = {
			isa = PBXVariantGroup;
			children = (
				D2E51E331B98513C000DC616 /* Base */,
			);
			name = Main.storyboard;
			sourceTree = "<group>";
		};
		D2E51E371B98513C000DC616 /* LaunchScreen.xib */ = {
			isa = PBXVariantGroup;
			children = (
				D2E51E381B98513C000DC616 /* Base */,
			);
			name = LaunchScreen.xib;
			sourceTree = "<group>";
		};
/* End PBXVariantGroup section */

/* Begin XCBuildConfiguration section */
		D2E51E461B98513C000DC616 /* Debug */ = {
			isa = XCBuildConfiguration;
			buildSettings = {
				ALWAYS_SEARCH_USER_PATHS = NO;
				CLANG_CXX_LANGUAGE_STANDARD = "gnu++0x";
				CLANG_CXX_LIBRARY = "libc++";
				CLANG_ENABLE_MODULES = YES;
				CLANG_ENABLE_OBJC_ARC = YES;
				CLANG_WARN_BOOL_CONVERSION = YES;
				CLANG_WARN_CONSTANT_CONVERSION = YES;
				CLANG_WARN_DIRECT_OBJC_ISA_USAGE = YES_ERROR;
				CLANG_WARN_EMPTY_BODY = YES;
				CLANG_WARN_ENUM_CONVERSION = YES;
				CLANG_WARN_INT_CONVERSION = YES;
				CLANG_WARN_OBJC_ROOT_CLASS = YES_ERROR;
				CLANG_WARN_UNREACHABLE_CODE = YES;
				CLANG_WARN__DUPLICATE_METHOD_MATCH = YES;
				"CODE_SIGN_IDENTITY[sdk=iphoneos*]" = "iPhone Developer";
				COPY_PHASE_STRIP = NO;
				DEBUG_INFORMATION_FORMAT = "dwarf-with-dsym";
				ENABLE_STRICT_OBJC_MSGSEND = YES;
				GCC_C_LANGUAGE_STANDARD = gnu99;
				GCC_DYNAMIC_NO_PIC = NO;
				GCC_NO_COMMON_BLOCKS = YES;
				GCC_OPTIMIZATION_LEVEL = 0;
				GCC_PREPROCESSOR_DEFINITIONS = (
					"DEBUG=1",
					"$(inherited)",
				);
				GCC_SYMBOLS_PRIVATE_EXTERN = NO;
				GCC_WARN_64_TO_32_BIT_CONVERSION = YES;
				GCC_WARN_ABOUT_RETURN_TYPE = YES_ERROR;
				GCC_WARN_UNDECLARED_SELECTOR = YES;
				GCC_WARN_UNINITIALIZED_AUTOS = YES_AGGRESSIVE;
				GCC_WARN_UNUSED_FUNCTION = YES;
				GCC_WARN_UNUSED_VARIABLE = YES;
				IPHONEOS_DEPLOYMENT_TARGET = 8.4;
				MTL_ENABLE_DEBUG_INFO = YES;
				ONLY_ACTIVE_ARCH = YES;
				SDKROOT = iphoneos;
			};
			name = Debug;
		};
		D2E51E471B98513C000DC616 /* Release */ = {
			isa = XCBuildConfiguration;
			buildSettings = {
				ALWAYS_SEARCH_USER_PATHS = NO;
				CLANG_CXX_LANGUAGE_STANDARD = "gnu++0x";
				CLANG_CXX_LIBRARY = "libc++";
				CLANG_ENABLE_MODULES = YES;
				CLANG_ENABLE_OBJC_ARC = YES;
				CLANG_WARN_BOOL_CONVERSION = YES;
				CLANG_WARN_CONSTANT_CONVERSION = YES;
				CLANG_WARN_DIRECT_OBJC_ISA_USAGE = YES_ERROR;
				CLANG_WARN_EMPTY_BODY = YES;
				CLANG_WARN_ENUM_CONVERSION = YES;
				CLANG_WARN_INT_CONVERSION = YES;
				CLANG_WARN_OBJC_ROOT_CLASS = YES_ERROR;
				CLANG_WARN_UNREACHABLE_CODE = YES;
				CLANG_WARN__DUPLICATE_METHOD_MATCH = YES;
				"CODE_SIGN_IDENTITY[sdk=iphoneos*]" = "iPhone Developer";
				COPY_PHASE_STRIP = NO;
				DEBUG_INFORMATION_FORMAT = "dwarf-with-dsym";
				ENABLE_NS_ASSERTIONS = NO;
				ENABLE_STRICT_OBJC_MSGSEND = YES;
				GCC_C_LANGUAGE_STANDARD = gnu99;
				GCC_NO_COMMON_BLOCKS = YES;
				GCC_WARN_64_TO_32_BIT_CONVERSION = YES;
				GCC_WARN_ABOUT_RETURN_TYPE = YES_ERROR;
				GCC_WARN_UNDECLARED_SELECTOR = YES;
				GCC_WARN_UNINITIALIZED_AUTOS = YES_AGGRESSIVE;
				GCC_WARN_UNUSED_FUNCTION = YES;
				GCC_WARN_UNUSED_VARIABLE = YES;
				IPHONEOS_DEPLOYMENT_TARGET = 8.4;
				MTL_ENABLE_DEBUG_INFO = NO;
				SDKROOT = iphoneos;
				VALIDATE_PRODUCT = YES;
			};
			name = Release;
		};
		D2E51E491B98513C000DC616 /* Debug */ = {
			isa = XCBuildConfiguration;
			buildSettings = {
				ASSETCATALOG_COMPILER_APPICON_NAME = AppIcon;
				INFOPLIST_FILE = testr/Info.plist;
				LD_RUNPATH_SEARCH_PATHS = "$(inherited) @executable_path/Frameworks";
				PRODUCT_NAME = "$(TARGET_NAME)";
			};
			name = Debug;
		};
		D2E51E4A1B98513C000DC616 /* Release */ = {
			isa = XCBuildConfiguration;
			buildSettings = {
				ASSETCATALOG_COMPILER_APPICON_NAME = AppIcon;
				INFOPLIST_FILE = testr/Info.plist;
				LD_RUNPATH_SEARCH_PATHS = "$(inherited) @executable_path/Frameworks";
				PRODUCT_NAME = "$(TARGET_NAME)";
			};
			name = Release;
		};
		D2E51E4C1B98513C000DC616 /* Debug */ = {
			isa = XCBuildConfiguration;
			buildSettings = {
				BUNDLE_LOADER = "$(TEST_HOST)";
				FRAMEWORK_SEARCH_PATHS = (
					"$(SDKROOT)/Developer/Library/Frameworks",
					"$(inherited)",
				);
				GCC_PREPROCESSOR_DEFINITIONS = (
					"DEBUG=1",
					"$(inherited)",
				);
				INFOPLIST_FILE = testrTests/Info.plist;
				LD_RUNPATH_SEARCH_PATHS = "$(inherited) @executable_path/Frameworks @loader_path/Frameworks";
				PRODUCT_NAME = "$(TARGET_NAME)";
				TEST_HOST = "$(BUILT_PRODUCTS_DIR)/testr.app/testr";
			};
			name = Debug;
		};
		D2E51E4D1B98513C000DC616 /* Release */ = {
			isa = XCBuildConfiguration;
			buildSettings = {
				BUNDLE_LOADER = "$(TEST_HOST)";
				FRAMEWORK_SEARCH_PATHS = (
					"$(SDKROOT)/Developer/Library/Frameworks",
					"$(inherited)",
				);
				INFOPLIST_FILE = testrTests/Info.plist;
				LD_RUNPATH_SEARCH_PATHS = "$(inherited) @executable_path/Frameworks @loader_path/Frameworks";
				PRODUCT_NAME = "$(TARGET_NAME)";
				TEST_HOST = "$(BUILT_PRODUCTS_DIR)/testr.app/testr";
			};
			name = Release;
		};
/* End XCBuildConfiguration section */

/* Begin XCConfigurationList section */
		D2E51E201B98513C000DC616 /* Build configuration list for PBXProject "testr" */ = {
			isa = XCConfigurationList;
			buildConfigurations = (
				D2E51E461B98513C000DC616 /* Debug */,
				D2E51E471B98513C000DC616 /* Release */,
			);
			defaultConfigurationIsVisible = 0;
			defaultConfigurationName = Release;
		};
		D2E51E481B98513C000DC616 /* Build configuration list for PBXNativeTarget "testr" */ = {
			isa = XCConfigurationList;
			buildConfigurations = (
				D2E51E491B98513C000DC616 /* Debug */,
				D2E51E4A1B98513C000DC616 /* Release */,
			);
			defaultConfigurationIsVisible = 0;
		};
		D2E51E4B1B98513C000DC616 /* Build configuration list for PBXNativeTarget "testrTests" */ = {
			isa = XCConfigurationList;
			buildConfigurations = (
				D2E51E4C1B98513C000DC616 /* Debug */,
				D2E51E4D1B98513C000DC616 /* Release */,
			);
			defaultConfigurationIsVisible = 0;
		};
/* End XCConfigurationList section */
	};
	rootObject = D2E51E1D1B98513C000DC616 /* Project object */;
}
